// !$*UTF8*$!
{
	archiveVersion = 1;
	classes = {
	};
	objectVersion = 50;
	objects = {

/* Begin PBXBuildFile section */
		A51D3E8B27098D2800E1E934 /* MenuDetailView.swift in Sources */ = {isa = PBXBuildFile; fileRef = A51D3E8A27098D2800E1E934 /* MenuDetailView.swift */; };
		A51D3E8D2709FC2D00E1E934 /* RandomMenuView.swift in Sources */ = {isa = PBXBuildFile; fileRef = A51D3E8C2709FC2D00E1E934 /* RandomMenuView.swift */; };
		A51D3E8F270C3E0B00E1E934 /* RatingStarView.swift in Sources */ = {isa = PBXBuildFile; fileRef = A51D3E8E270C3E0B00E1E934 /* RatingStarView.swift */; };
		A52C010727073922000C3964 /* MenuApp.swift in Sources */ = {isa = PBXBuildFile; fileRef = A52C010627073922000C3964 /* MenuApp.swift */; };
		A52C010927073922000C3964 /* ContentView.swift in Sources */ = {isa = PBXBuildFile; fileRef = A52C010827073922000C3964 /* ContentView.swift */; };
		A52C010B27073924000C3964 /* Assets.xcassets in Resources */ = {isa = PBXBuildFile; fileRef = A52C010A27073924000C3964 /* Assets.xcassets */; };
		A52C010E27073924000C3964 /* Preview Assets.xcassets in Resources */ = {isa = PBXBuildFile; fileRef = A52C010D27073924000C3964 /* Preview Assets.xcassets */; };
		A52C011927073925000C3964 /* MenuTests.swift in Sources */ = {isa = PBXBuildFile; fileRef = A52C011827073925000C3964 /* MenuTests.swift */; };
		A52C012427073925000C3964 /* MenuUITests.swift in Sources */ = {isa = PBXBuildFile; fileRef = A52C012327073925000C3964 /* MenuUITests.swift */; };
		A52C013227073959000C3964 /* MenuModel.swift in Sources */ = {isa = PBXBuildFile; fileRef = A52C013127073959000C3964 /* MenuModel.swift */; };
		A52C0134270739E0000C3964 /* ImagePicker.swift in Sources */ = {isa = PBXBuildFile; fileRef = A52C0133270739E0000C3964 /* ImagePicker.swift */; };
		A52C0136270739EB000C3964 /* Helper.swift in Sources */ = {isa = PBXBuildFile; fileRef = A52C0135270739EB000C3964 /* Helper.swift */; };
		A52C013827073A2C000C3964 /* menus.json in Resources */ = {isa = PBXBuildFile; fileRef = A52C013727073A2C000C3964 /* menus.json */; };
		A52C014027073C24000C3964 /* AddMenuView.swift in Sources */ = {isa = PBXBuildFile; fileRef = A52C013F27073C24000C3964 /* AddMenuView.swift */; };
		A52C0144270842E5000C3964 /* MenuCardView.swift in Sources */ = {isa = PBXBuildFile; fileRef = A52C0143270842E5000C3964 /* MenuCardView.swift */; };
		A52C0146270859F4000C3964 /* MenuScrollView.swift in Sources */ = {isa = PBXBuildFile; fileRef = A52C0145270859F4000C3964 /* MenuScrollView.swift */; };
/* End PBXBuildFile section */

/* Begin PBXContainerItemProxy section */
		A52C011527073925000C3964 /* PBXContainerItemProxy */ = {
			isa = PBXContainerItemProxy;
			containerPortal = A52C00FB27073922000C3964 /* Project object */;
			proxyType = 1;
			remoteGlobalIDString = A52C010227073922000C3964;
			remoteInfo = Menu;
		};
		A52C012027073925000C3964 /* PBXContainerItemProxy */ = {
			isa = PBXContainerItemProxy;
			containerPortal = A52C00FB27073922000C3964 /* Project object */;
			proxyType = 1;
			remoteGlobalIDString = A52C010227073922000C3964;
			remoteInfo = Menu;
		};
/* End PBXContainerItemProxy section */

/* Begin PBXFileReference section */
		A51D3E8A27098D2800E1E934 /* MenuDetailView.swift */ = {isa = PBXFileReference; lastKnownFileType = sourcecode.swift; path = MenuDetailView.swift; sourceTree = "<group>"; };
		A51D3E8C2709FC2D00E1E934 /* RandomMenuView.swift */ = {isa = PBXFileReference; lastKnownFileType = sourcecode.swift; path = RandomMenuView.swift; sourceTree = "<group>"; };
		A51D3E8E270C3E0B00E1E934 /* RatingStarView.swift */ = {isa = PBXFileReference; lastKnownFileType = sourcecode.swift; path = RatingStarView.swift; sourceTree = "<group>"; };
		A52C010327073922000C3964 /* Menu.app */ = {isa = PBXFileReference; explicitFileType = wrapper.application; includeInIndex = 0; path = Menu.app; sourceTree = BUILT_PRODUCTS_DIR; };
		A52C010627073922000C3964 /* MenuApp.swift */ = {isa = PBXFileReference; lastKnownFileType = sourcecode.swift; path = MenuApp.swift; sourceTree = "<group>"; };
		A52C010827073922000C3964 /* ContentView.swift */ = {isa = PBXFileReference; lastKnownFileType = sourcecode.swift; path = ContentView.swift; sourceTree = "<group>"; };
		A52C010A27073924000C3964 /* Assets.xcassets */ = {isa = PBXFileReference; lastKnownFileType = folder.assetcatalog; path = Assets.xcassets; sourceTree = "<group>"; };
		A52C010D27073924000C3964 /* Preview Assets.xcassets */ = {isa = PBXFileReference; lastKnownFileType = folder.assetcatalog; path = "Preview Assets.xcassets"; sourceTree = "<group>"; };
		A52C010F27073924000C3964 /* Info.plist */ = {isa = PBXFileReference; lastKnownFileType = text.plist.xml; path = Info.plist; sourceTree = "<group>"; };
		A52C011427073925000C3964 /* MenuTests.xctest */ = {isa = PBXFileReference; explicitFileType = wrapper.cfbundle; includeInIndex = 0; path = MenuTests.xctest; sourceTree = BUILT_PRODUCTS_DIR; };
		A52C011827073925000C3964 /* MenuTests.swift */ = {isa = PBXFileReference; lastKnownFileType = sourcecode.swift; path = MenuTests.swift; sourceTree = "<group>"; };
		A52C011A27073925000C3964 /* Info.plist */ = {isa = PBXFileReference; lastKnownFileType = text.plist.xml; path = Info.plist; sourceTree = "<group>"; };
		A52C011F27073925000C3964 /* MenuUITests.xctest */ = {isa = PBXFileReference; explicitFileType = wrapper.cfbundle; includeInIndex = 0; path = MenuUITests.xctest; sourceTree = BUILT_PRODUCTS_DIR; };
		A52C012327073925000C3964 /* MenuUITests.swift */ = {isa = PBXFileReference; lastKnownFileType = sourcecode.swift; path = MenuUITests.swift; sourceTree = "<group>"; };
		A52C012527073925000C3964 /* Info.plist */ = {isa = PBXFileReference; lastKnownFileType = text.plist.xml; path = Info.plist; sourceTree = "<group>"; };
		A52C013127073959000C3964 /* MenuModel.swift */ = {isa = PBXFileReference; fileEncoding = 4; lastKnownFileType = sourcecode.swift; path = MenuModel.swift; sourceTree = "<group>"; };
		A52C0133270739E0000C3964 /* ImagePicker.swift */ = {isa = PBXFileReference; fileEncoding = 4; lastKnownFileType = sourcecode.swift; path = ImagePicker.swift; sourceTree = "<group>"; };
		A52C0135270739EB000C3964 /* Helper.swift */ = {isa = PBXFileReference; fileEncoding = 4; lastKnownFileType = sourcecode.swift; path = Helper.swift; sourceTree = "<group>"; };
		A52C013727073A2C000C3964 /* menus.json */ = {isa = PBXFileReference; fileEncoding = 4; lastKnownFileType = text.json; path = menus.json; sourceTree = "<group>"; };
		A52C013F27073C24000C3964 /* AddMenuView.swift */ = {isa = PBXFileReference; lastKnownFileType = sourcecode.swift; path = AddMenuView.swift; sourceTree = "<group>"; };
		A52C0143270842E5000C3964 /* MenuCardView.swift */ = {isa = PBXFileReference; lastKnownFileType = sourcecode.swift; path = MenuCardView.swift; sourceTree = "<group>"; };
		A52C0145270859F4000C3964 /* MenuScrollView.swift */ = {isa = PBXFileReference; lastKnownFileType = sourcecode.swift; path = MenuScrollView.swift; sourceTree = "<group>"; };
/* End PBXFileReference section */

/* Begin PBXFrameworksBuildPhase section */
		A52C010027073922000C3964 /* Frameworks */ = {
			isa = PBXFrameworksBuildPhase;
			buildActionMask = 2147483647;
			files = (
			);
			runOnlyForDeploymentPostprocessing = 0;
		};
		A52C011127073925000C3964 /* Frameworks */ = {
			isa = PBXFrameworksBuildPhase;
			buildActionMask = 2147483647;
			files = (
			);
			runOnlyForDeploymentPostprocessing = 0;
		};
		A52C011C27073925000C3964 /* Frameworks */ = {
			isa = PBXFrameworksBuildPhase;
			buildActionMask = 2147483647;
			files = (
			);
			runOnlyForDeploymentPostprocessing = 0;
		};
/* End PBXFrameworksBuildPhase section */

/* Begin PBXGroup section */
		A52C00FA27073922000C3964 = {
			isa = PBXGroup;
			children = (
				A52C010527073922000C3964 /* Menu */,
				A52C011727073925000C3964 /* MenuTests */,
				A52C012227073925000C3964 /* MenuUITests */,
				A52C010427073922000C3964 /* Products */,
			);
			sourceTree = "<group>";
		};
		A52C010427073922000C3964 /* Products */ = {
			isa = PBXGroup;
			children = (
				A52C010327073922000C3964 /* Menu.app */,
				A52C011427073925000C3964 /* MenuTests.xctest */,
				A52C011F27073925000C3964 /* MenuUITests.xctest */,
			);
			name = Products;
			sourceTree = "<group>";
		};
		A52C010527073922000C3964 /* Menu */ = {
			isa = PBXGroup;
			children = (
				A52C013727073A2C000C3964 /* menus.json */,
				A52C013127073959000C3964 /* MenuModel.swift */,
				A52C010627073922000C3964 /* MenuApp.swift */,
				A52C010827073922000C3964 /* ContentView.swift */,
				A52C0145270859F4000C3964 /* MenuScrollView.swift */,
				A51D3E8C2709FC2D00E1E934 /* RandomMenuView.swift */,
				A51D3E8E270C3E0B00E1E934 /* RatingStarView.swift */,
				A52C0143270842E5000C3964 /* MenuCardView.swift */,
				A51D3E8A27098D2800E1E934 /* MenuDetailView.swift */,
				A52C013F27073C24000C3964 /* AddMenuView.swift */,
				A52C0135270739EB000C3964 /* Helper.swift */,
				A52C0133270739E0000C3964 /* ImagePicker.swift */,
				A52C010A27073924000C3964 /* Assets.xcassets */,
				A52C010F27073924000C3964 /* Info.plist */,
				A52C010C27073924000C3964 /* Preview Content */,
			);
			path = Menu;
			sourceTree = "<group>";
		};
		A52C010C27073924000C3964 /* Preview Content */ = {
			isa = PBXGroup;
			children = (
				A52C010D27073924000C3964 /* Preview Assets.xcassets */,
			);
			path = "Preview Content";
			sourceTree = "<group>";
		};
		A52C011727073925000C3964 /* MenuTests */ = {
			isa = PBXGroup;
			children = (
				A52C011827073925000C3964 /* MenuTests.swift */,
				A52C011A27073925000C3964 /* Info.plist */,
			);
			path = MenuTests;
			sourceTree = "<group>";
		};
		A52C012227073925000C3964 /* MenuUITests */ = {
			isa = PBXGroup;
			children = (
				A52C012327073925000C3964 /* MenuUITests.swift */,
				A52C012527073925000C3964 /* Info.plist */,
			);
			path = MenuUITests;
			sourceTree = "<group>";
		};
/* End PBXGroup section */

/* Begin PBXNativeTarget section */
		A52C010227073922000C3964 /* Menu */ = {
			isa = PBXNativeTarget;
			buildConfigurationList = A52C012827073925000C3964 /* Build configuration list for PBXNativeTarget "Menu" */;
			buildPhases = (
				A52C00FF27073922000C3964 /* Sources */,
				A52C010027073922000C3964 /* Frameworks */,
				A52C010127073922000C3964 /* Resources */,
			);
			buildRules = (
			);
			dependencies = (
			);
			name = Menu;
			productName = Menu;
			productReference = A52C010327073922000C3964 /* Menu.app */;
			productType = "com.apple.product-type.application";
		};
		A52C011327073925000C3964 /* MenuTests */ = {
			isa = PBXNativeTarget;
			buildConfigurationList = A52C012B27073925000C3964 /* Build configuration list for PBXNativeTarget "MenuTests" */;
			buildPhases = (
				A52C011027073925000C3964 /* Sources */,
				A52C011127073925000C3964 /* Frameworks */,
				A52C011227073925000C3964 /* Resources */,
			);
			buildRules = (
			);
			dependencies = (
				A52C011627073925000C3964 /* PBXTargetDependency */,
			);
			name = MenuTests;
			productName = MenuTests;
			productReference = A52C011427073925000C3964 /* MenuTests.xctest */;
			productType = "com.apple.product-type.bundle.unit-test";
		};
		A52C011E27073925000C3964 /* MenuUITests */ = {
			isa = PBXNativeTarget;
			buildConfigurationList = A52C012E27073925000C3964 /* Build configuration list for PBXNativeTarget "MenuUITests" */;
			buildPhases = (
				A52C011B27073925000C3964 /* Sources */,
				A52C011C27073925000C3964 /* Frameworks */,
				A52C011D27073925000C3964 /* Resources */,
			);
			buildRules = (
			);
			dependencies = (
				A52C012127073925000C3964 /* PBXTargetDependency */,
			);
			name = MenuUITests;
			productName = MenuUITests;
			productReference = A52C011F27073925000C3964 /* MenuUITests.xctest */;
			productType = "com.apple.product-type.bundle.ui-testing";
		};
/* End PBXNativeTarget section */

/* Begin PBXProject section */
		A52C00FB27073922000C3964 /* Project object */ = {
			isa = PBXProject;
			attributes = {
				LastSwiftUpdateCheck = 1250;
				LastUpgradeCheck = 1250;
				TargetAttributes = {
					A52C010227073922000C3964 = {
						CreatedOnToolsVersion = 12.5.1;
					};
					A52C011327073925000C3964 = {
						CreatedOnToolsVersion = 12.5.1;
						TestTargetID = A52C010227073922000C3964;
					};
					A52C011E27073925000C3964 = {
						CreatedOnToolsVersion = 12.5.1;
						TestTargetID = A52C010227073922000C3964;
					};
				};
			};
			buildConfigurationList = A52C00FE27073922000C3964 /* Build configuration list for PBXProject "Menu" */;
			compatibilityVersion = "Xcode 9.3";
			developmentRegion = en;
			hasScannedForEncodings = 0;
			knownRegions = (
				en,
				Base,
			);
			mainGroup = A52C00FA27073922000C3964;
			productRefGroup = A52C010427073922000C3964 /* Products */;
			projectDirPath = "";
			projectRoot = "";
			targets = (
				A52C010227073922000C3964 /* Menu */,
				A52C011327073925000C3964 /* MenuTests */,
				A52C011E27073925000C3964 /* MenuUITests */,
			);
		};
/* End PBXProject section */

/* Begin PBXResourcesBuildPhase section */
		A52C010127073922000C3964 /* Resources */ = {
			isa = PBXResourcesBuildPhase;
			buildActionMask = 2147483647;
			files = (
				A52C013827073A2C000C3964 /* menus.json in Resources */,
				A52C010E27073924000C3964 /* Preview Assets.xcassets in Resources */,
				A52C010B27073924000C3964 /* Assets.xcassets in Resources */,
			);
			runOnlyForDeploymentPostprocessing = 0;
		};
		A52C011227073925000C3964 /* Resources */ = {
			isa = PBXResourcesBuildPhase;
			buildActionMask = 2147483647;
			files = (
			);
			runOnlyForDeploymentPostprocessing = 0;
		};
		A52C011D27073925000C3964 /* Resources */ = {
			isa = PBXResourcesBuildPhase;
			buildActionMask = 2147483647;
			files = (
			);
			runOnlyForDeploymentPostprocessing = 0;
		};
/* End PBXResourcesBuildPhase section */

/* Begin PBXSourcesBuildPhase section */
		A52C00FF27073922000C3964 /* Sources */ = {
			isa = PBXSourcesBuildPhase;
			buildActionMask = 2147483647;
			files = (
				A52C0144270842E5000C3964 /* MenuCardView.swift in Sources */,
				A52C0146270859F4000C3964 /* MenuScrollView.swift in Sources */,
				A51D3E8F270C3E0B00E1E934 /* RatingStarView.swift in Sources */,
				A52C010927073922000C3964 /* ContentView.swift in Sources */,
				A51D3E8B27098D2800E1E934 /* MenuDetailView.swift in Sources */,
				A52C014027073C24000C3964 /* AddMenuView.swift in Sources */,
				A52C0134270739E0000C3964 /* ImagePicker.swift in Sources */,
				A52C0136270739EB000C3964 /* Helper.swift in Sources */,
				A52C010727073922000C3964 /* MenuApp.swift in Sources */,
				A51D3E8D2709FC2D00E1E934 /* RandomMenuView.swift in Sources */,
				A52C013227073959000C3964 /* MenuModel.swift in Sources */,
			);
			runOnlyForDeploymentPostprocessing = 0;
		};
		A52C011027073925000C3964 /* Sources */ = {
			isa = PBXSourcesBuildPhase;
			buildActionMask = 2147483647;
			files = (
				A52C011927073925000C3964 /* MenuTests.swift in Sources */,
			);
			runOnlyForDeploymentPostprocessing = 0;
		};
		A52C011B27073925000C3964 /* Sources */ = {
			isa = PBXSourcesBuildPhase;
			buildActionMask = 2147483647;
			files = (
				A52C012427073925000C3964 /* MenuUITests.swift in Sources */,
			);
			runOnlyForDeploymentPostprocessing = 0;
		};
/* End PBXSourcesBuildPhase section */

/* Begin PBXTargetDependency section */
		A52C011627073925000C3964 /* PBXTargetDependency */ = {
			isa = PBXTargetDependency;
			target = A52C010227073922000C3964 /* Menu */;
			targetProxy = A52C011527073925000C3964 /* PBXContainerItemProxy */;
		};
		A52C012127073925000C3964 /* PBXTargetDependency */ = {
			isa = PBXTargetDependency;
			target = A52C010227073922000C3964 /* Menu */;
			targetProxy = A52C012027073925000C3964 /* PBXContainerItemProxy */;
		};
/* End PBXTargetDependency section */

/* Begin XCBuildConfiguration section */
		A52C012627073925000C3964 /* Debug */ = {
			isa = XCBuildConfiguration;
			buildSettings = {
				ALWAYS_SEARCH_USER_PATHS = NO;
				CLANG_ANALYZER_NONNULL = YES;
				CLANG_ANALYZER_NUMBER_OBJECT_CONVERSION = YES_AGGRESSIVE;
				CLANG_CXX_LANGUAGE_STANDARD = "gnu++14";
				CLANG_CXX_LIBRARY = "libc++";
				CLANG_ENABLE_MODULES = YES;
				CLANG_ENABLE_OBJC_ARC = YES;
				CLANG_ENABLE_OBJC_WEAK = YES;
				CLANG_WARN_BLOCK_CAPTURE_AUTORELEASING = YES;
				CLANG_WARN_BOOL_CONVERSION = YES;
				CLANG_WARN_COMMA = YES;
				CLANG_WARN_CONSTANT_CONVERSION = YES;
				CLANG_WARN_DEPRECATED_OBJC_IMPLEMENTATIONS = YES;
				CLANG_WARN_DIRECT_OBJC_ISA_USAGE = YES_ERROR;
				CLANG_WARN_DOCUMENTATION_COMMENTS = YES;
				CLANG_WARN_EMPTY_BODY = YES;
				CLANG_WARN_ENUM_CONVERSION = YES;
				CLANG_WARN_INFINITE_RECURSION = YES;
				CLANG_WARN_INT_CONVERSION = YES;
				CLANG_WARN_NON_LITERAL_NULL_CONVERSION = YES;
				CLANG_WARN_OBJC_IMPLICIT_RETAIN_SELF = YES;
				CLANG_WARN_OBJC_LITERAL_CONVERSION = YES;
				CLANG_WARN_OBJC_ROOT_CLASS = YES_ERROR;
				CLANG_WARN_QUOTED_INCLUDE_IN_FRAMEWORK_HEADER = YES;
				CLANG_WARN_RANGE_LOOP_ANALYSIS = YES;
				CLANG_WARN_STRICT_PROTOTYPES = YES;
				CLANG_WARN_SUSPICIOUS_MOVE = YES;
				CLANG_WARN_UNGUARDED_AVAILABILITY = YES_AGGRESSIVE;
				CLANG_WARN_UNREACHABLE_CODE = YES;
				CLANG_WARN__DUPLICATE_METHOD_MATCH = YES;
				COPY_PHASE_STRIP = NO;
				DEBUG_INFORMATION_FORMAT = dwarf;
				ENABLE_STRICT_OBJC_MSGSEND = YES;
				ENABLE_TESTABILITY = YES;
				GCC_C_LANGUAGE_STANDARD = gnu11;
				GCC_DYNAMIC_NO_PIC = NO;
				GCC_NO_COMMON_BLOCKS = YES;
				GCC_OPTIMIZATION_LEVEL = 0;
				GCC_PREPROCESSOR_DEFINITIONS = (
					"DEBUG=1",
					"$(inherited)",
				);
				GCC_WARN_64_TO_32_BIT_CONVERSION = YES;
				GCC_WARN_ABOUT_RETURN_TYPE = YES_ERROR;
				GCC_WARN_UNDECLARED_SELECTOR = YES;
				GCC_WARN_UNINITIALIZED_AUTOS = YES_AGGRESSIVE;
				GCC_WARN_UNUSED_FUNCTION = YES;
				GCC_WARN_UNUSED_VARIABLE = YES;
				IPHONEOS_DEPLOYMENT_TARGET = 14.5;
				MTL_ENABLE_DEBUG_INFO = INCLUDE_SOURCE;
				MTL_FAST_MATH = YES;
				ONLY_ACTIVE_ARCH = YES;
				SDKROOT = iphoneos;
				SWIFT_ACTIVE_COMPILATION_CONDITIONS = DEBUG;
				SWIFT_OPTIMIZATION_LEVEL = "-Onone";
			};
			name = Debug;
		};
		A52C012727073925000C3964 /* Release */ = {
			isa = XCBuildConfiguration;
			buildSettings = {
				ALWAYS_SEARCH_USER_PATHS = NO;
				CLANG_ANALYZER_NONNULL = YES;
				CLANG_ANALYZER_NUMBER_OBJECT_CONVERSION = YES_AGGRESSIVE;
				CLANG_CXX_LANGUAGE_STANDARD = "gnu++14";
				CLANG_CXX_LIBRARY = "libc++";
				CLANG_ENABLE_MODULES = YES;
				CLANG_ENABLE_OBJC_ARC = YES;
				CLANG_ENABLE_OBJC_WEAK = YES;
				CLANG_WARN_BLOCK_CAPTURE_AUTORELEASING = YES;
				CLANG_WARN_BOOL_CONVERSION = YES;
				CLANG_WARN_COMMA = YES;
				CLANG_WARN_CONSTANT_CONVERSION = YES;
				CLANG_WARN_DEPRECATED_OBJC_IMPLEMENTATIONS = YES;
				CLANG_WARN_DIRECT_OBJC_ISA_USAGE = YES_ERROR;
				CLANG_WARN_DOCUMENTATION_COMMENTS = YES;
				CLANG_WARN_EMPTY_BODY = YES;
				CLANG_WARN_ENUM_CONVERSION = YES;
				CLANG_WARN_INFINITE_RECURSION = YES;
				CLANG_WARN_INT_CONVERSION = YES;
				CLANG_WARN_NON_LITERAL_NULL_CONVERSION = YES;
				CLANG_WARN_OBJC_IMPLICIT_RETAIN_SELF = YES;
				CLANG_WARN_OBJC_LITERAL_CONVERSION = YES;
				CLANG_WARN_OBJC_ROOT_CLASS = YES_ERROR;
				CLANG_WARN_QUOTED_INCLUDE_IN_FRAMEWORK_HEADER = YES;
				CLANG_WARN_RANGE_LOOP_ANALYSIS = YES;
				CLANG_WARN_STRICT_PROTOTYPES = YES;
				CLANG_WARN_SUSPICIOUS_MOVE = YES;
				CLANG_WARN_UNGUARDED_AVAILABILITY = YES_AGGRESSIVE;
				CLANG_WARN_UNREACHABLE_CODE = YES;
				CLANG_WARN__DUPLICATE_METHOD_MATCH = YES;
				COPY_PHASE_STRIP = NO;
				DEBUG_INFORMATION_FORMAT = "dwarf-with-dsym";
				ENABLE_NS_ASSERTIONS = NO;
				ENABLE_STRICT_OBJC_MSGSEND = YES;
				GCC_C_LANGUAGE_STANDARD = gnu11;
				GCC_NO_COMMON_BLOCKS = YES;
				GCC_WARN_64_TO_32_BIT_CONVERSION = YES;
				GCC_WARN_ABOUT_RETURN_TYPE = YES_ERROR;
				GCC_WARN_UNDECLARED_SELECTOR = YES;
				GCC_WARN_UNINITIALIZED_AUTOS = YES_AGGRESSIVE;
				GCC_WARN_UNUSED_FUNCTION = YES;
				GCC_WARN_UNUSED_VARIABLE = YES;
				IPHONEOS_DEPLOYMENT_TARGET = 14.5;
				MTL_ENABLE_DEBUG_INFO = NO;
				MTL_FAST_MATH = YES;
				SDKROOT = iphoneos;
				SWIFT_COMPILATION_MODE = wholemodule;
				SWIFT_OPTIMIZATION_LEVEL = "-O";
				VALIDATE_PRODUCT = YES;
			};
			name = Release;
		};
		A52C012927073925000C3964 /* Debug */ = {
			isa = XCBuildConfiguration;
			buildSettings = {
				ASSETCATALOG_COMPILER_APPICON_NAME = AppIcon;
				ASSETCATALOG_COMPILER_GLOBAL_ACCENT_COLOR_NAME = AccentColor;
				CODE_SIGN_STYLE = Automatic;
				DEVELOPMENT_ASSET_PATHS = "\"Menu/Preview Content\"";
				DEVELOPMENT_TEAM = HV972PZ8C9;
				ENABLE_PREVIEWS = YES;
				INFOPLIST_FILE = Menu/Info.plist;
				IPHONEOS_DEPLOYMENT_TARGET = 14.0;
				LD_RUNPATH_SEARCH_PATHS = (
					"$(inherited)",
					"@executable_path/Frameworks",
				);
				PRODUCT_BUNDLE_IDENTIFIER = tinywell.Menu;
				PRODUCT_NAME = "$(TARGET_NAME)";
				SWIFT_VERSION = 5.0;
				TARGETED_DEVICE_FAMILY = "1,2";
			};
			name = Debug;
		};
		A52C012A27073925000C3964 /* Release */ = {
			isa = XCBuildConfiguration;
			buildSettings = {
				ASSETCATALOG_COMPILER_APPICON_NAME = AppIcon;
				ASSETCATALOG_COMPILER_GLOBAL_ACCENT_COLOR_NAME = AccentColor;
				CODE_SIGN_STYLE = Automatic;
				DEVELOPMENT_ASSET_PATHS = "\"Menu/Preview Content\"";
				DEVELOPMENT_TEAM = HV972PZ8C9;
				ENABLE_PREVIEWS = YES;
				INFOPLIST_FILE = Menu/Info.plist;
				IPHONEOS_DEPLOYMENT_TARGET = 14.0;
				LD_RUNPATH_SEARCH_PATHS = (
					"$(inherited)",
					"@executable_path/Frameworks",
				);
				PRODUCT_BUNDLE_IDENTIFIER = tinywell.Menu;
				PRODUCT_NAME = "$(TARGET_NAME)";
				SWIFT_VERSION = 5.0;
				TARGETED_DEVICE_FAMILY = "1,2";
			};
			name = Release;
		};
		A52C012C27073925000C3964 /* Debug */ = {
			isa = XCBuildConfiguration;
			buildSettings = {
				ALWAYS_EMBED_SWIFT_STANDARD_LIBRARIES = YES;
				BUNDLE_LOADER = "$(TEST_HOST)";
				CODE_SIGN_STYLE = Automatic;
				INFOPLIST_FILE = MenuTests/Info.plist;
				IPHONEOS_DEPLOYMENT_TARGET = 14.0;
				LD_RUNPATH_SEARCH_PATHS = (
					"$(inherited)",
					"@executable_path/Frameworks",
					"@loader_path/Frameworks",
				);
				PRODUCT_BUNDLE_IDENTIFIER = tinywell.MenuTests;
				PRODUCT_NAME = "$(TARGET_NAME)";
				SWIFT_VERSION = 5.0;
				TARGETED_DEVICE_FAMILY = "1,2";
				TEST_HOST = "$(BUILT_PRODUCTS_DIR)/Menu.app/Menu";
			};
			name = Debug;
		};
		A52C012D27073925000C3964 /* Release */ = {
			isa = XCBuildConfiguration;
			buildSettings = {
				ALWAYS_EMBED_SWIFT_STANDARD_LIBRARIES = YES;
				BUNDLE_LOADER = "$(TEST_HOST)";
				CODE_SIGN_STYLE = Automatic;
				INFOPLIST_FILE = MenuTests/Info.plist;
				IPHONEOS_DEPLOYMENT_TARGET = 14.0;
				LD_RUNPATH_SEARCH_PATHS = (
					"$(inherited)",
					"@executable_path/Frameworks",
					"@loader_path/Frameworks",
				);
				PRODUCT_BUNDLE_IDENTIFIER = tinywell.MenuTests;
				PRODUCT_NAME = "$(TARGET_NAME)";
				SWIFT_VERSION = 5.0;
				TARGETED_DEVICE_FAMILY = "1,2";
				TEST_HOST = "$(BUILT_PRODUCTS_DIR)/Menu.app/Menu";
			};
			name = Release;
		};
		A52C012F27073925000C3964 /* Debug */ = {
			isa = XCBuildConfiguration;
			buildSettings = {
				ALWAYS_EMBED_SWIFT_STANDARD_LIBRARIES = YES;
				CODE_SIGN_STYLE = Automatic;
				INFOPLIST_FILE = MenuUITests/Info.plist;
				LD_RUNPATH_SEARCH_PATHS = (
					"$(inherited)",
					"@executable_path/Frameworks",
					"@loader_path/Frameworks",
				);
				PRODUCT_BUNDLE_IDENTIFIER = tinywell.MenuUITests;
				PRODUCT_NAME = "$(TARGET_NAME)";
				SWIFT_VERSION = 5.0;
				TARGETED_DEVICE_FAMILY = "1,2";
				TEST_TARGET_NAME = Menu;
			};
			name = Debug;
		};
		A52C013027073925000C3964 /* Release */ = {
			isa = XCBuildConfiguration;
			buildSettings = {
				ALWAYS_EMBED_SWIFT_STANDARD_LIBRARIES = YES;
				CODE_SIGN_STYLE = Automatic;
				INFOPLIST_FILE = MenuUITests/Info.plist;
				LD_RUNPATH_SEARCH_PATHS = (
					"$(inherited)",
					"@executable_path/Frameworks",
					"@loader_path/Frameworks",
				);
				PRODUCT_BUNDLE_IDENTIFIER = tinywell.MenuUITests;
				PRODUCT_NAME = "$(TARGET_NAME)";
				SWIFT_VERSION = 5.0;
				TARGETED_DEVICE_FAMILY = "1,2";
				TEST_TARGET_NAME = Menu;
			};
			name = Release;
		};
/* End XCBuildConfiguration section */

/* Begin XCConfigurationList section */
		A52C00FE27073922000C3964 /* Build configuration list for PBXProject "Menu" */ = {
			isa = XCConfigurationList;
			buildConfigurations = (
				A52C012627073925000C3964 /* Debug */,
				A52C012727073925000C3964 /* Release */,
			);
			defaultConfigurationIsVisible = 0;
			defaultConfigurationName = Release;
		};
		A52C012827073925000C3964 /* Build configuration list for PBXNativeTarget "Menu" */ = {
			isa = XCConfigurationList;
			buildConfigurations = (
				A52C012927073925000C3964 /* Debug */,
				A52C012A27073925000C3964 /* Release */,
			);
			defaultConfigurationIsVisible = 0;
			defaultConfigurationName = Release;
		};
		A52C012B27073925000C3964 /* Build configuration list for PBXNativeTarget "MenuTests" */ = {
			isa = XCConfigurationList;
			buildConfigurations = (
				A52C012C27073925000C3964 /* Debug */,
				A52C012D27073925000C3964 /* Release */,
			);
			defaultConfigurationIsVisible = 0;
			defaultConfigurationName = Release;
		};
		A52C012E27073925000C3964 /* Build configuration list for PBXNativeTarget "MenuUITests" */ = {
			isa = XCConfigurationList;
			buildConfigurations = (
				A52C012F27073925000C3964 /* Debug */,
				A52C013027073925000C3964 /* Release */,
			);
			defaultConfigurationIsVisible = 0;
			defaultConfigurationName = Release;
		};
/* End XCConfigurationList section */
	};
	rootObject = A52C00FB27073922000C3964 /* Project object */;
}
